// !$*UTF8*$!
{
	archiveVersion = 1;
	classes = {
	};
	objectVersion = 50;
	objects = {

/* Begin PBXBuildFile section */
		3C18DBB426281A8400F93D07 /* AppDelegate.swift in Sources */ = {isa = PBXBuildFile; fileRef = 3C18DBB326281A8400F93D07 /* AppDelegate.swift */; };
		3C18DBB626281A8400F93D07 /* SceneDelegate.swift in Sources */ = {isa = PBXBuildFile; fileRef = 3C18DBB526281A8400F93D07 /* SceneDelegate.swift */; };
		3C18DBB826281A8400F93D07 /* ContentView.swift in Sources */ = {isa = PBXBuildFile; fileRef = 3C18DBB726281A8400F93D07 /* ContentView.swift */; };
		3C18DBBA26281A8500F93D07 /* Assets.xcassets in Resources */ = {isa = PBXBuildFile; fileRef = 3C18DBB926281A8500F93D07 /* Assets.xcassets */; };
		3C18DBBD26281A8500F93D07 /* Preview Assets.xcassets in Resources */ = {isa = PBXBuildFile; fileRef = 3C18DBBC26281A8500F93D07 /* Preview Assets.xcassets */; };
		3C18DBC026281A8500F93D07 /* LaunchScreen.storyboard in Resources */ = {isa = PBXBuildFile; fileRef = 3C18DBBE26281A8500F93D07 /* LaunchScreen.storyboard */; };
		3C18DBCA2628203D00F93D07 /* NetworkManager.swift in Sources */ = {isa = PBXBuildFile; fileRef = 3C18DBC92628203D00F93D07 /* NetworkManager.swift */; };
		3C18DBCD262822DE00F93D07 /* PostData.swift in Sources */ = {isa = PBXBuildFile; fileRef = 3C18DBCC262822DE00F93D07 /* PostData.swift */; };
		3C18DBD22628287800F93D07 /* DetailView.swift in Sources */ = {isa = PBXBuildFile; fileRef = 3C18DBD12628287800F93D07 /* DetailView.swift */; };
		3C18DBD626282F7F00F93D07 /* WebView.swift in Sources */ = {isa = PBXBuildFile; fileRef = 3C18DBD526282F7F00F93D07 /* WebView.swift */; };
/* End PBXBuildFile section */

/* Begin PBXFileReference section */
		3C18DBB026281A8400F93D07 /* H4X0R News.app */ = {isa = PBXFileReference; explicitFileType = wrapper.application; includeInIndex = 0; path = "H4X0R News.app"; sourceTree = BUILT_PRODUCTS_DIR; };
		3C18DBB326281A8400F93D07 /* AppDelegate.swift */ = {isa = PBXFileReference; lastKnownFileType = sourcecode.swift; path = AppDelegate.swift; sourceTree = "<group>"; };
		3C18DBB526281A8400F93D07 /* SceneDelegate.swift */ = {isa = PBXFileReference; lastKnownFileType = sourcecode.swift; path = SceneDelegate.swift; sourceTree = "<group>"; };
		3C18DBB726281A8400F93D07 /* ContentView.swift */ = {isa = PBXFileReference; lastKnownFileType = sourcecode.swift; path = ContentView.swift; sourceTree = "<group>"; };
		3C18DBB926281A8500F93D07 /* Assets.xcassets */ = {isa = PBXFileReference; lastKnownFileType = folder.assetcatalog; path = Assets.xcassets; sourceTree = "<group>"; };
		3C18DBBC26281A8500F93D07 /* Preview Assets.xcassets */ = {isa = PBXFileReference; lastKnownFileType = folder.assetcatalog; path = "Preview Assets.xcassets"; sourceTree = "<group>"; };
		3C18DBBF26281A8500F93D07 /* Base */ = {isa = PBXFileReference; lastKnownFileType = file.storyboard; name = Base; path = Base.lproj/LaunchScreen.storyboard; sourceTree = "<group>"; };
		3C18DBC126281A8500F93D07 /* Info.plist */ = {isa = PBXFileReference; lastKnownFileType = text.plist.xml; path = Info.plist; sourceTree = "<group>"; };
		3C18DBC92628203D00F93D07 /* NetworkManager.swift */ = {isa = PBXFileReference; lastKnownFileType = sourcecode.swift; path = NetworkManager.swift; sourceTree = "<group>"; };
		3C18DBCC262822DE00F93D07 /* PostData.swift */ = {isa = PBXFileReference; lastKnownFileType = sourcecode.swift; path = PostData.swift; sourceTree = "<group>"; };
		3C18DBD12628287800F93D07 /* DetailView.swift */ = {isa = PBXFileReference; lastKnownFileType = sourcecode.swift; path = DetailView.swift; sourceTree = "<group>"; };
		3C18DBD526282F7F00F93D07 /* WebView.swift */ = {isa = PBXFileReference; lastKnownFileType = sourcecode.swift; path = WebView.swift; sourceTree = "<group>"; };
/* End PBXFileReference section */

/* Begin PBXFrameworksBuildPhase section */
		3C18DBAD26281A8400F93D07 /* Frameworks */ = {
			isa = PBXFrameworksBuildPhase;
			buildActionMask = 2147483647;
			files = (
			);
			runOnlyForDeploymentPostprocessing = 0;
		};
/* End PBXFrameworksBuildPhase section */

/* Begin PBXGroup section */
		3C18DBA726281A8400F93D07 = {
			isa = PBXGroup;
			children = (
				3C18DBB226281A8400F93D07 /* H4X0R News */,
				3C18DBB126281A8400F93D07 /* Products */,
			);
			sourceTree = "<group>";
		};
		3C18DBB126281A8400F93D07 /* Products */ = {
			isa = PBXGroup;
			children = (
				3C18DBB026281A8400F93D07 /* H4X0R News.app */,
			);
			name = Products;
			sourceTree = "<group>";
		};
		3C18DBB226281A8400F93D07 /* H4X0R News */ = {
			isa = PBXGroup;
			children = (
				3C18DBB326281A8400F93D07 /* AppDelegate.swift */,
				3C18DBB526281A8400F93D07 /* SceneDelegate.swift */,
				3C18DBC82628202C00F93D07 /* Models */,
				3C18DBCF2628286400F93D07 /* Views */,
				3C18DBB926281A8500F93D07 /* Assets.xcassets */,
				3C18DBBE26281A8500F93D07 /* LaunchScreen.storyboard */,
				3C18DBC126281A8500F93D07 /* Info.plist */,
				3C18DBBB26281A8500F93D07 /* Preview Content */,
			);
			path = "H4X0R News";
			sourceTree = "<group>";
		};
		3C18DBBB26281A8500F93D07 /* Preview Content */ = {
			isa = PBXGroup;
			children = (
				3C18DBBC26281A8500F93D07 /* Preview Assets.xcassets */,
			);
			path = "Preview Content";
			sourceTree = "<group>";
		};
		3C18DBC82628202C00F93D07 /* Models */ = {
			isa = PBXGroup;
			children = (
				3C18DBC92628203D00F93D07 /* NetworkManager.swift */,
				3C18DBCC262822DE00F93D07 /* PostData.swift */,
			);
			path = Models;
			sourceTree = "<group>";
		};
		3C18DBCF2628286400F93D07 /* Views */ = {
			isa = PBXGroup;
			children = (
				3C18DBB726281A8400F93D07 /* ContentView.swift */,
				3C18DBD12628287800F93D07 /* DetailView.swift */,
				3C18DBD526282F7F00F93D07 /* WebView.swift */,
			);
			path = Views;
			sourceTree = "<group>";
		};
/* End PBXGroup section */

/* Begin PBXNativeTarget section */
		3C18DBAF26281A8400F93D07 /* H4X0R News */ = {
			isa = PBXNativeTarget;
			buildConfigurationList = 3C18DBC426281A8500F93D07 /* Build configuration list for PBXNativeTarget "H4X0R News" */;
			buildPhases = (
				3C18DBAC26281A8400F93D07 /* Sources */,
				3C18DBAD26281A8400F93D07 /* Frameworks */,
				3C18DBAE26281A8400F93D07 /* Resources */,
			);
			buildRules = (
			);
			dependencies = (
			);
			name = "H4X0R News";
			productName = "H4X0R News";
			productReference = 3C18DBB026281A8400F93D07 /* H4X0R News.app */;
			productType = "com.apple.product-type.application";
		};
/* End PBXNativeTarget section */

/* Begin PBXProject section */
		3C18DBA826281A8400F93D07 /* Project object */ = {
			isa = PBXProject;
			attributes = {
				LastSwiftUpdateCheck = 1240;
				LastUpgradeCheck = 1240;
				TargetAttributes = {
					3C18DBAF26281A8400F93D07 = {
						CreatedOnToolsVersion = 12.4;
					};
				};
			};
			buildConfigurationList = 3C18DBAB26281A8400F93D07 /* Build configuration list for PBXProject "H4X0R News" */;
			compatibilityVersion = "Xcode 9.3";
			developmentRegion = en;
			hasScannedForEncodings = 0;
			knownRegions = (
				en,
				Base,
			);
			mainGroup = 3C18DBA726281A8400F93D07;
			productRefGroup = 3C18DBB126281A8400F93D07 /* Products */;
			projectDirPath = "";
			projectRoot = "";
			targets = (
				3C18DBAF26281A8400F93D07 /* H4X0R News */,
			);
		};
/* End PBXProject section */

/* Begin PBXResourcesBuildPhase section */
		3C18DBAE26281A8400F93D07 /* Resources */ = {
			isa = PBXResourcesBuildPhase;
			buildActionMask = 2147483647;
			files = (
				3C18DBC026281A8500F93D07 /* LaunchScreen.storyboard in Resources */,
				3C18DBBD26281A8500F93D07 /* Preview Assets.xcassets in Resources */,
				3C18DBBA26281A8500F93D07 /* Assets.xcassets in Resources */,
			);
			runOnlyForDeploymentPostprocessing = 0;
		};
/* End PBXResourcesBuildPhase section */

/* Begin PBXSourcesBuildPhase section */
		3C18DBAC26281A8400F93D07 /* Sources */ = {
			isa = PBXSourcesBuildPhase;
			buildActionMask = 2147483647;
			files = (
				3C18DBCD262822DE00F93D07 /* PostData.swift in Sources */,
				3C18DBD22628287800F93D07 /* DetailView.swift in Sources */,
				3C18DBCA2628203D00F93D07 /* NetworkManager.swift in Sources */,
				3C18DBB426281A8400F93D07 /* AppDelegate.swift in Sources */,
				3C18DBB626281A8400F93D07 /* SceneDelegate.swift in Sources */,
				3C18DBB826281A8400F93D07 /* ContentView.swift in Sources */,
				3C18DBD626282F7F00F93D07 /* WebView.swift in Sources */,
			);
			runOnlyForDeploymentPostprocessing = 0;
		};
/* End PBXSourcesBuildPhase section */

/* Begin PBXVariantGroup section */
		3C18DBBE26281A8500F93D07 /* LaunchScreen.storyboard */ = {
			isa = PBXVariantGroup;
			children = (
				3C18DBBF26281A8500F93D07 /* Base */,
			);
			name = LaunchScreen.storyboard;
			sourceTree = "<group>";
		};
/* End PBXVariantGroup section */

/* Begin XCBuildConfiguration section */
		3C18DBC226281A8500F93D07 /* Debug */ = {
			isa = XCBuildConfiguration;
			buildSettings = {
				ALWAYS_SEARCH_USER_PATHS = NO;
				CLANG_ANALYZER_NONNULL = YES;
				CLANG_ANALYZER_NUMBER_OBJECT_CONVERSION = YES_AGGRESSIVE;
				CLANG_CXX_LANGUAGE_STANDARD = "gnu++14";
				CLANG_CXX_LIBRARY = "libc++";
				CLANG_ENABLE_MODULES = YES;
				CLANG_ENABLE_OBJC_ARC = YES;
				CLANG_ENABLE_OBJC_WEAK = YES;
				CLANG_WARN_BLOCK_CAPTURE_AUTORELEASING = YES;
				CLANG_WARN_BOOL_CONVERSION = YES;
				CLANG_WARN_COMMA = YES;
				CLANG_WARN_CONSTANT_CONVERSION = YES;
				CLANG_WARN_DEPRECATED_OBJC_IMPLEMENTATIONS = YES;
				CLANG_WARN_DIRECT_OBJC_ISA_USAGE = YES_ERROR;
				CLANG_WARN_DOCUMENTATION_COMMENTS = YES;
				CLANG_WARN_EMPTY_BODY = YES;
				CLANG_WARN_ENUM_CONVERSION = YES;
				CLANG_WARN_INFINITE_RECURSION = YES;
				CLANG_WARN_INT_CONVERSION = YES;
				CLANG_WARN_NON_LITERAL_NULL_CONVERSION = YES;
				CLANG_WARN_OBJC_IMPLICIT_RETAIN_SELF = YES;
				CLANG_WARN_OBJC_LITERAL_CONVERSION = YES;
				CLANG_WARN_OBJC_ROOT_CLASS = YES_ERROR;
				CLANG_WARN_QUOTED_INCLUDE_IN_FRAMEWORK_HEADER = YES;
				CLANG_WARN_RANGE_LOOP_ANALYSIS = YES;
				CLANG_WARN_STRICT_PROTOTYPES = YES;
				CLANG_WARN_SUSPICIOUS_MOVE = YES;
				CLANG_WARN_UNGUARDED_AVAILABILITY = YES_AGGRESSIVE;
				CLANG_WARN_UNREACHABLE_CODE = YES;
				CLANG_WARN__DUPLICATE_METHOD_MATCH = YES;
				COPY_PHASE_STRIP = NO;
				DEBUG_INFORMATION_FORMAT = dwarf;
				ENABLE_STRICT_OBJC_MSGSEND = YES;
				ENABLE_TESTABILITY = YES;
				GCC_C_LANGUAGE_STANDARD = gnu11;
				GCC_DYNAMIC_NO_PIC = NO;
				GCC_NO_COMMON_BLOCKS = YES;
				GCC_OPTIMIZATION_LEVEL = 0;
				GCC_PREPROCESSOR_DEFINITIONS = (
					"DEBUG=1",
					"$(inherited)",
				);
				GCC_WARN_64_TO_32_BIT_CONVERSION = YES;
				GCC_WARN_ABOUT_RETURN_TYPE = YES_ERROR;
				GCC_WARN_UNDECLARED_SELECTOR = YES;
				GCC_WARN_UNINITIALIZED_AUTOS = YES_AGGRESSIVE;
				GCC_WARN_UNUSED_FUNCTION = YES;
				GCC_WARN_UNUSED_VARIABLE = YES;
				IPHONEOS_DEPLOYMENT_TARGET = 14.4;
				MTL_ENABLE_DEBUG_INFO = INCLUDE_SOURCE;
				MTL_FAST_MATH = YES;
				ONLY_ACTIVE_ARCH = YES;
				SDKROOT = iphoneos;
				SWIFT_ACTIVE_COMPILATION_CONDITIONS = DEBUG;
				SWIFT_OPTIMIZATION_LEVEL = "-Onone";
			};
			name = Debug;
		};
		3C18DBC326281A8500F93D07 /* Release */ = {
			isa = XCBuildConfiguration;
			buildSettings = {
				ALWAYS_SEARCH_USER_PATHS = NO;
				CLANG_ANALYZER_NONNULL = YES;
				CLANG_ANALYZER_NUMBER_OBJECT_CONVERSION = YES_AGGRESSIVE;
				CLANG_CXX_LANGUAGE_STANDARD = "gnu++14";
				CLANG_CXX_LIBRARY = "libc++";
				CLANG_ENABLE_MODULES = YES;
				CLANG_ENABLE_OBJC_ARC = YES;
				CLANG_ENABLE_OBJC_WEAK = YES;
				CLANG_WARN_BLOCK_CAPTURE_AUTORELEASING = YES;
				CLANG_WARN_BOOL_CONVERSION = YES;
				CLANG_WARN_COMMA = YES;
				CLANG_WARN_CONSTANT_CONVERSION = YES;
				CLANG_WARN_DEPRECATED_OBJC_IMPLEMENTATIONS = YES;
				CLANG_WARN_DIRECT_OBJC_ISA_USAGE = YES_ERROR;
				CLANG_WARN_DOCUMENTATION_COMMENTS = YES;
				CLANG_WARN_EMPTY_BODY = YES;
				CLANG_WARN_ENUM_CONVERSION = YES;
				CLANG_WARN_INFINITE_RECURSION = YES;
				CLANG_WARN_INT_CONVERSION = YES;
				CLANG_WARN_NON_LITERAL_NULL_CONVERSION = YES;
				CLANG_WARN_OBJC_IMPLICIT_RETAIN_SELF = YES;
				CLANG_WARN_OBJC_LITERAL_CONVERSION = YES;
				CLANG_WARN_OBJC_ROOT_CLASS = YES_ERROR;
				CLANG_WARN_QUOTED_INCLUDE_IN_FRAMEWORK_HEADER = YES;
				CLANG_WARN_RANGE_LOOP_ANALYSIS = YES;
				CLANG_WARN_STRICT_PROTOTYPES = YES;
				CLANG_WARN_SUSPICIOUS_MOVE = YES;
				CLANG_WARN_UNGUARDED_AVAILABILITY = YES_AGGRESSIVE;
				CLANG_WARN_UNREACHABLE_CODE = YES;
				CLANG_WARN__DUPLICATE_METHOD_MATCH = YES;
				COPY_PHASE_STRIP = NO;
				DEBUG_INFORMATION_FORMAT = "dwarf-with-dsym";
				ENABLE_NS_ASSERTIONS = NO;
				ENABLE_STRICT_OBJC_MSGSEND = YES;
				GCC_C_LANGUAGE_STANDARD = gnu11;
				GCC_NO_COMMON_BLOCKS = YES;
				GCC_WARN_64_TO_32_BIT_CONVERSION = YES;
				GCC_WARN_ABOUT_RETURN_TYPE = YES_ERROR;
				GCC_WARN_UNDECLARED_SELECTOR = YES;
				GCC_WARN_UNINITIALIZED_AUTOS = YES_AGGRESSIVE;
				GCC_WARN_UNUSED_FUNCTION = YES;
				GCC_WARN_UNUSED_VARIABLE = YES;
				IPHONEOS_DEPLOYMENT_TARGET = 14.4;
				MTL_ENABLE_DEBUG_INFO = NO;
				MTL_FAST_MATH = YES;
				SDKROOT = iphoneos;
				SWIFT_COMPILATION_MODE = wholemodule;
				SWIFT_OPTIMIZATION_LEVEL = "-O";
				VALIDATE_PRODUCT = YES;
			};
			name = Release;
		};
		3C18DBC526281A8500F93D07 /* Debug */ = {
			isa = XCBuildConfiguration;
			buildSettings = {
				ASSETCATALOG_COMPILER_APPICON_NAME = AppIcon;
				ASSETCATALOG_COMPILER_GLOBAL_ACCENT_COLOR_NAME = AccentColor;
				CODE_SIGN_STYLE = Automatic;
				DEVELOPMENT_ASSET_PATHS = "\"H4X0R News/Preview Content\"";
				ENABLE_PREVIEWS = YES;
				INFOPLIST_FILE = "H4X0R News/Info.plist";
				LD_RUNPATH_SEARCH_PATHS = (
					"$(inherited)",
					"@executable_path/Frameworks",
				);
				PRODUCT_BUNDLE_IDENTIFIER = "com.marcinh7.H4X0R-News";
				PRODUCT_NAME = "$(TARGET_NAME)";
				SWIFT_VERSION = 5.0;
				TARGETED_DEVICE_FAMILY = "1,2";
			};
			name = Debug;
		};
		3C18DBC626281A8500F93D07 /* Release */ = {
			isa = XCBuildConfiguration;
			buildSettings = {
				ASSETCATALOG_COMPILER_APPICON_NAME = AppIcon;
				ASSETCATALOG_COMPILER_GLOBAL_ACCENT_COLOR_NAME = AccentColor;
				CODE_SIGN_STYLE = Automatic;
				DEVELOPMENT_ASSET_PATHS = "\"H4X0R News/Preview Content\"";
				ENABLE_PREVIEWS = YES;
				INFOPLIST_FILE = "H4X0R News/Info.plist";
				LD_RUNPATH_SEARCH_PATHS = (
					"$(inherited)",
					"@executable_path/Frameworks",
				);
				PRODUCT_BUNDLE_IDENTIFIER = "com.marcinh7.H4X0R-News";
				PRODUCT_NAME = "$(TARGET_NAME)";
				SWIFT_VERSION = 5.0;
				TARGETED_DEVICE_FAMILY = "1,2";
			};
			name = Release;
		};
/* End XCBuildConfiguration section */

/* Begin XCConfigurationList section */
		3C18DBAB26281A8400F93D07 /* Build configuration list for PBXProject "H4X0R News" */ = {
			isa = XCConfigurationList;
			buildConfigurations = (
				3C18DBC226281A8500F93D07 /* Debug */,
				3C18DBC326281A8500F93D07 /* Release */,
			);
			defaultConfigurationIsVisible = 0;
			defaultConfigurationName = Release;
		};
		3C18DBC426281A8500F93D07 /* Build configuration list for PBXNativeTarget "H4X0R News" */ = {
			isa = XCConfigurationList;
			buildConfigurations = (
				3C18DBC526281A8500F93D07 /* Debug */,
				3C18DBC626281A8500F93D07 /* Release */,
			);
			defaultConfigurationIsVisible = 0;
			defaultConfigurationName = Release;
		};
/* End XCConfigurationList section */
	};
	rootObject = 3C18DBA826281A8400F93D07 /* Project object */;
}
